
Microsoft Visual Studio Solution File, Format Version 12.00
# Visual Studio Version 17
VisualStudioVersion = 17.11.35222.181
MinimumVisualStudioVersion = 10.0.40219.1
Project("{FAE04EC0-301F-11D3-BF4B-00C04F79EFBC}") = "ComputerWpf", "ComputerWpf\ComputerWpf.csproj", "{7119BDA4-268D-49FB-BC8A-E28C4E3A1A37}"
EndProject
Project("{2150E333-8FDC-42A3-9474-1A3956D46DE8}") = "Solution Items", "Solution Items", "{21B08A61-29F0-4B3F-A93A-1419D4F62586}"
	ProjectSection(SolutionItems) = preProject
		.gitignore = .gitignore
	EndProjectSection
EndProject
Global
	GlobalSection(SolutionConfigurationPlatforms) = preSolution
		Debug|Any CPU = Debug|Any CPU
		Release|Any CPU = Release|Any CPU
	EndGlobalSection
	GlobalSection(ProjectConfigurationPlatforms) = postSolution
		{7119BDA4-268D-49FB-BC8A-E28C4E3A1A37}.Debug|Any CPU.ActiveCfg = Debug|Any CPU
		{7119BDA4-268D-49FB-BC8A-E28C4E3A1A37}.Debug|Any CPU.Build.0 = Debug|Any CPU
		{7119BDA4-268D-49FB-BC8A-E28C4E3A1A37}.Release|Any CPU.ActiveCfg = Release|Any CPU
		{7119BDA4-268D-49FB-BC8A-E28C4E3A1A37}.Release|Any CPU.Build.0 = Release|Any CPU
	EndGlobalSection
	GlobalSection(SolutionProperties) = preSolution
		HideSolutionNode = FALSE
	EndGlobalSection
	GlobalSection(ExtensibilityGlobals) = postSolution
		SolutionGuid = {8E0BB6E2-0454-4352-996A-557CAA598119}
	EndGlobalSection
EndGlobal
